{
  "name": "owl-enabled-node-secrets-app",
  "version": "0.1.0",
  "lockfileVersion": 3,
  "requires": true,
  "packages": {
    "": {
      "name": "owl-enabled-node-secrets-app",
      "version": "0.1.0",
      "dependencies": {
        "@owasp-webshield/core": "file:../..",
        "@owasp-webshield/node": "file:../../src/adapters/node"
      }
    },
    "../..": {
      "name": "@owasp-webshield/core",
      "version": "1.0.0",
      "license": "Apache-2.0",
      "workspaces": [
        "src/adapters/react",
        "src/adapters/node",
        "src/adapters/express"
      ],
      "devDependencies": {
        "@eslint/js": "^9.16.0",
        "@testing-library/react": "^16.1.0",
        "esbuild": "^0.28.2",
        "eslint": "^9.16.0",
        "globals": "^15.13.0",
        "jest": "^29.7.0",
        "jest-environment-jsdom": "^29.7.0",
        "react": "^18.3.1",
        "react-dom": "^18.3.1"
      },
      "engines": {
        "node": ">=20"
      },
      "funding": {
        "type": "individual",
        "url": "https://owasp.org/donate/"
      }
    },
    "../../src/adapters/node": {
      "name": "@owasp-webshield/node",
      "version": "1.0.0",
      "license": "Apache-2.0",
      "dependencies": {
        "@owasp-webshield/core": "file:../../.."
      },
      "engines": {
        "node": ">=20"
      },
      "funding": {
        "type": "individual",
        "url": "https://owasp.org/donate/"
      }
    },
    "node_modules/@owasp-webshield/core": {
      "resolved": "../..",
      "link": true
    },
    "node_modules/@owasp-webshield/node": {
      "resolved": "../../src/adapters/node",
      "link": true
    }
  }
}
